
Microsoft Visual Studio Solution File, Format Version 12.00
# Visual Studio 15
VisualStudioVersion = 15.0.28010.2026
MinimumVisualStudioVersion = 10.0.40219.1
Project("{FAE04EC0-301F-11D3-BF4B-00C04F79EFBC}") = "JSONClient", "JSONClient\JSONClient.csproj", "{50690076-5FBD-4686-8D7F-37710F57C36D}"
EndProject
Global
	GlobalSection(SolutionConfigurationPlatforms) = preSolution
		Debug|Any CPU = Debug|Any CPU
		Release|Any CPU = Release|Any CPU
	EndGlobalSection
	GlobalSection(ProjectConfigurationPlatforms) = postSolution
		{50690076-5FBD-4686-8D7F-37710F57C36D}.Debug|Any CPU.ActiveCfg = Debug|Any CPU
		{50690076-5FBD-4686-8D7F-37710F57C36D}.Debug|Any CPU.Build.0 = Debug|Any CPU
		{50690076-5FBD-4686-8D7F-37710F57C36D}.Release|Any CPU.ActiveCfg = Release|Any CPU
		{50690076-5FBD-4686-8D7F-37710F57C36D}.Release|Any CPU.Build.0 = Release|Any CPU
	EndGlobalSection
	GlobalSection(SolutionProperties) = preSolution
		HideSolutionNode = FALSE
	EndGlobalSection
	GlobalSection(ExtensibilityGlobals) = postSolution
		SolutionGuid = {4BB714A3-E7D0-46E0-98C4-D4FFC4E7147A}
	EndGlobalSection
EndGlobal
